
Microsoft Visual Studio Solution File, Format Version 12.00
# Visual Studio 15
VisualStudioVersion = 15.0.27703.2018
MinimumVisualStudioVersion = 10.0.40219.1
Project("{FAE04EC0-301F-11D3-BF4B-00C04F79EFBC}") = "identificaciondig.web", "identificaciondig.web\identificaciondig.web.csproj", "{CF301EDC-9705-4113-856B-EA37755C8FD9}"
EndProject
Project("{FAE04EC0-301F-11D3-BF4B-00C04F79EFBC}") = "identificaciondig.logic", "identificaciondig.logic\identificaciondig.logic.csproj", "{3CE3E6A2-0E58-4C9A-A2DC-DD97BAD034C3}"
EndProject
Project("{FAE04EC0-301F-11D3-BF4B-00C04F79EFBC}") = "identificaciondig.entity", "identificaciondig.entity\identificaciondig.entity.csproj", "{397F02B6-1677-4AD1-AAE1-C7BF9D456427}"
EndProject
Project("{FAE04EC0-301F-11D3-BF4B-00C04F79EFBC}") = "identificaciondig.data", "identificaciondig.data\identificaciondig.data.csproj", "{3185C3F2-5DC4-4485-B828-B594B64BBFBF}"
EndProject
Global
	GlobalSection(SolutionConfigurationPlatforms) = preSolution
		Debug|Any CPU = Debug|Any CPU
		Release|Any CPU = Release|Any CPU
	EndGlobalSection
	GlobalSection(ProjectConfigurationPlatforms) = postSolution
		{CF301EDC-9705-4113-856B-EA37755C8FD9}.Debug|Any CPU.ActiveCfg = Debug|Any CPU
		{CF301EDC-9705-4113-856B-EA37755C8FD9}.Debug|Any CPU.Build.0 = Debug|Any CPU
		{CF301EDC-9705-4113-856B-EA37755C8FD9}.Release|Any CPU.ActiveCfg = Release|Any CPU
		{CF301EDC-9705-4113-856B-EA37755C8FD9}.Release|Any CPU.Build.0 = Release|Any CPU
		{3CE3E6A2-0E58-4C9A-A2DC-DD97BAD034C3}.Debug|Any CPU.ActiveCfg = Debug|Any CPU
		{3CE3E6A2-0E58-4C9A-A2DC-DD97BAD034C3}.Debug|Any CPU.Build.0 = Debug|Any CPU
		{3CE3E6A2-0E58-4C9A-A2DC-DD97BAD034C3}.Release|Any CPU.ActiveCfg = Release|Any CPU
		{3CE3E6A2-0E58-4C9A-A2DC-DD97BAD034C3}.Release|Any CPU.Build.0 = Release|Any CPU
		{397F02B6-1677-4AD1-AAE1-C7BF9D456427}.Debug|Any CPU.ActiveCfg = Debug|Any CPU
		{397F02B6-1677-4AD1-AAE1-C7BF9D456427}.Debug|Any CPU.Build.0 = Debug|Any CPU
		{397F02B6-1677-4AD1-AAE1-C7BF9D456427}.Release|Any CPU.ActiveCfg = Release|Any CPU
		{397F02B6-1677-4AD1-AAE1-C7BF9D456427}.Release|Any CPU.Build.0 = Release|Any CPU
		{3185C3F2-5DC4-4485-B828-B594B64BBFBF}.Debug|Any CPU.ActiveCfg = Debug|Any CPU
		{3185C3F2-5DC4-4485-B828-B594B64BBFBF}.Debug|Any CPU.Build.0 = Debug|Any CPU
		{3185C3F2-5DC4-4485-B828-B594B64BBFBF}.Release|Any CPU.ActiveCfg = Release|Any CPU
		{3185C3F2-5DC4-4485-B828-B594B64BBFBF}.Release|Any CPU.Build.0 = Release|Any CPU
	EndGlobalSection
	GlobalSection(SolutionProperties) = preSolution
		HideSolutionNode = FALSE
	EndGlobalSection
	GlobalSection(ExtensibilityGlobals) = postSolution
		SolutionGuid = {2130CE92-A3FF-4641-8FF7-A54B807F759F}
	EndGlobalSection
EndGlobal
